// !$*UTF8*$!
{
	archiveVersion = 1;
	classes = {
	};
	objectVersion = 56;
	objects = {

/* Begin PBXBuildFile section */
		27584EF428622F84002085DD /* GameFormView.swift in Sources */ = {isa = PBXBuildFile; fileRef = 27584EF328622F84002085DD /* GameFormView.swift */; };
		27584EF628622FE2002085DD /* CustomStepperView.swift in Sources */ = {isa = PBXBuildFile; fileRef = 27584EF528622FE2002085DD /* CustomStepperView.swift */; };
		27584EFA2862886B002085DD /* GameFormViewModel.swift in Sources */ = {isa = PBXBuildFile; fileRef = 27584EF92862886B002085DD /* GameFormViewModel.swift */; };
		27584EFC2862A727002085DD /* FormType.swift in Sources */ = {isa = PBXBuildFile; fileRef = 27584EFB2862A727002085DD /* FormType.swift */; };
		27584EFF28635BA2002085DD /* Color+Extension.swift in Sources */ = {isa = PBXBuildFile; fileRef = 27584EFE28635BA2002085DD /* Color+Extension.swift */; };
		27584F02286373D8002085DD /* SettingsView.swift in Sources */ = {isa = PBXBuildFile; fileRef = 27584F01286373D8002085DD /* SettingsView.swift */; };
		275994D52863E61100A73BD1 /* AboutView.swift in Sources */ = {isa = PBXBuildFile; fileRef = 275994D42863E61100A73BD1 /* AboutView.swift */; };
		275994D72863E7B900A73BD1 /* UIApplication+Extensions.swift in Sources */ = {isa = PBXBuildFile; fileRef = 275994D62863E7B900A73BD1 /* UIApplication+Extensions.swift */; };
		27AB24F52860FD2F001E921E /* FootballPlayerStatsIOS16CDApp.swift in Sources */ = {isa = PBXBuildFile; fileRef = 27AB24F42860FD2F001E921E /* FootballPlayerStatsIOS16CDApp.swift */; };
		27AB24F72860FD2F001E921E /* GameListView.swift in Sources */ = {isa = PBXBuildFile; fileRef = 27AB24F62860FD2F001E921E /* GameListView.swift */; };
		27AB24F92860FD32001E921E /* Assets.xcassets in Resources */ = {isa = PBXBuildFile; fileRef = 27AB24F82860FD32001E921E /* Assets.xcassets */; };
		27AB24FC2860FD32001E921E /* Preview Assets.xcassets in Resources */ = {isa = PBXBuildFile; fileRef = 27AB24FB2860FD32001E921E /* Preview Assets.xcassets */; };
		27AB25052860FD7C001E921E /* FootballStatsModel.xcdatamodeld in Sources */ = {isa = PBXBuildFile; fileRef = 27AB25032860FD7C001E921E /* FootballStatsModel.xcdatamodeld */; };
		27AB25072860FDEF001E921E /* GameEntity+Extensions.swift in Sources */ = {isa = PBXBuildFile; fileRef = 27AB25062860FDEF001E921E /* GameEntity+Extensions.swift */; };
		27AB250928610090001E921E /* DataController.swift in Sources */ = {isa = PBXBuildFile; fileRef = 27AB250828610090001E921E /* DataController.swift */; };
		27AB250C286102F7001E921E /* GameDataModel.swift in Sources */ = {isa = PBXBuildFile; fileRef = 27AB250B286102F7001E921E /* GameDataModel.swift */; };
		27AB2510286127E3001E921E /* GameListItemView.swift in Sources */ = {isa = PBXBuildFile; fileRef = 27AB250F286127E3001E921E /* GameListItemView.swift */; };
		27AB251228613DA2001E921E /* HomeScreen.swift in Sources */ = {isa = PBXBuildFile; fileRef = 27AB251128613DA2001E921E /* HomeScreen.swift */; };
/* End PBXBuildFile section */

/* Begin PBXFileReference section */
		27584EF328622F84002085DD /* GameFormView.swift */ = {isa = PBXFileReference; lastKnownFileType = sourcecode.swift; path = GameFormView.swift; sourceTree = "<group>"; };
		27584EF528622FE2002085DD /* CustomStepperView.swift */ = {isa = PBXFileReference; lastKnownFileType = sourcecode.swift; path = CustomStepperView.swift; sourceTree = "<group>"; };
		27584EF92862886B002085DD /* GameFormViewModel.swift */ = {isa = PBXFileReference; lastKnownFileType = sourcecode.swift; path = GameFormViewModel.swift; sourceTree = "<group>"; };
		27584EFB2862A727002085DD /* FormType.swift */ = {isa = PBXFileReference; lastKnownFileType = sourcecode.swift; path = FormType.swift; sourceTree = "<group>"; };
		27584EFE28635BA2002085DD /* Color+Extension.swift */ = {isa = PBXFileReference; lastKnownFileType = sourcecode.swift; path = "Color+Extension.swift"; sourceTree = "<group>"; };
		27584F01286373D8002085DD /* SettingsView.swift */ = {isa = PBXFileReference; lastKnownFileType = sourcecode.swift; path = SettingsView.swift; sourceTree = "<group>"; };
		275994D42863E61100A73BD1 /* AboutView.swift */ = {isa = PBXFileReference; lastKnownFileType = sourcecode.swift; path = AboutView.swift; sourceTree = "<group>"; };
		275994D62863E7B900A73BD1 /* UIApplication+Extensions.swift */ = {isa = PBXFileReference; lastKnownFileType = sourcecode.swift; path = "UIApplication+Extensions.swift"; sourceTree = "<group>"; };
		27AB24F12860FD2F001E921E /* FootballPlayerStatsIOS16CD.app */ = {isa = PBXFileReference; explicitFileType = wrapper.application; includeInIndex = 0; path = FootballPlayerStatsIOS16CD.app; sourceTree = BUILT_PRODUCTS_DIR; };
		27AB24F42860FD2F001E921E /* FootballPlayerStatsIOS16CDApp.swift */ = {isa = PBXFileReference; lastKnownFileType = sourcecode.swift; path = FootballPlayerStatsIOS16CDApp.swift; sourceTree = "<group>"; };
		27AB24F62860FD2F001E921E /* GameListView.swift */ = {isa = PBXFileReference; lastKnownFileType = sourcecode.swift; path = GameListView.swift; sourceTree = "<group>"; };
		27AB24F82860FD32001E921E /* Assets.xcassets */ = {isa = PBXFileReference; lastKnownFileType = folder.assetcatalog; path = Assets.xcassets; sourceTree = "<group>"; };
		27AB24FB2860FD32001E921E /* Preview Assets.xcassets */ = {isa = PBXFileReference; lastKnownFileType = folder.assetcatalog; path = "Preview Assets.xcassets"; sourceTree = "<group>"; };
		27AB25042860FD7C001E921E /* FootballStatsModel.xcdatamodel */ = {isa = PBXFileReference; lastKnownFileType = wrapper.xcdatamodel; path = FootballStatsModel.xcdatamodel; sourceTree = "<group>"; };
		27AB25062860FDEF001E921E /* GameEntity+Extensions.swift */ = {isa = PBXFileReference; lastKnownFileType = sourcecode.swift; path = "GameEntity+Extensions.swift"; sourceTree = "<group>"; };
		27AB250828610090001E921E /* DataController.swift */ = {isa = PBXFileReference; lastKnownFileType = sourcecode.swift; path = DataController.swift; sourceTree = "<group>"; };
		27AB250B286102F7001E921E /* GameDataModel.swift */ = {isa = PBXFileReference; lastKnownFileType = sourcecode.swift; path = GameDataModel.swift; sourceTree = "<group>"; };
		27AB250F286127E3001E921E /* GameListItemView.swift */ = {isa = PBXFileReference; lastKnownFileType = sourcecode.swift; path = GameListItemView.swift; sourceTree = "<group>"; };
		27AB251128613DA2001E921E /* HomeScreen.swift */ = {isa = PBXFileReference; lastKnownFileType = sourcecode.swift; path = HomeScreen.swift; sourceTree = "<group>"; };
/* End PBXFileReference section */

/* Begin PBXFrameworksBuildPhase section */
		27AB24EE2860FD2F001E921E /* Frameworks */ = {
			isa = PBXFrameworksBuildPhase;
			buildActionMask = 2147483647;
			files = (
			);
			runOnlyForDeploymentPostprocessing = 0;
		};
/* End PBXFrameworksBuildPhase section */

/* Begin PBXGroup section */
		27584EF228622E57002085DD /* Game Form Screen */ = {
			isa = PBXGroup;
			children = (
				27584EF828628850002085DD /* View Models */,
				27584EF72862884A002085DD /* Views */,
			);
			path = "Game Form Screen";
			sourceTree = "<group>";
		};
		27584EF72862884A002085DD /* Views */ = {
			isa = PBXGroup;
			children = (
				27584EF328622F84002085DD /* GameFormView.swift */,
				27584EF528622FE2002085DD /* CustomStepperView.swift */,
			);
			path = Views;
			sourceTree = "<group>";
		};
		27584EF828628850002085DD /* View Models */ = {
			isa = PBXGroup;
			children = (
				27584EF92862886B002085DD /* GameFormViewModel.swift */,
				27584EFB2862A727002085DD /* FormType.swift */,
			);
			path = "View Models";
			sourceTree = "<group>";
		};
		27584EFD28635B78002085DD /* Extensions */ = {
			isa = PBXGroup;
			children = (
				27584EFE28635BA2002085DD /* Color+Extension.swift */,
				275994D62863E7B900A73BD1 /* UIApplication+Extensions.swift */,
			);
			path = Extensions;
			sourceTree = "<group>";
		};
		27584F0028637391002085DD /* Settings */ = {
			isa = PBXGroup;
			children = (
				27584F01286373D8002085DD /* SettingsView.swift */,
				275994D42863E61100A73BD1 /* AboutView.swift */,
			);
			path = Settings;
			sourceTree = "<group>";
		};
		27AB24E82860FD2F001E921E = {
			isa = PBXGroup;
			children = (
				27AB24F32860FD2F001E921E /* FootballPlayerStatsIOS16CD */,
				27AB24F22860FD2F001E921E /* Products */,
			);
			sourceTree = "<group>";
		};
		27AB24F22860FD2F001E921E /* Products */ = {
			isa = PBXGroup;
			children = (
				27AB24F12860FD2F001E921E /* FootballPlayerStatsIOS16CD.app */,
			);
			name = Products;
			sourceTree = "<group>";
		};
		27AB24F32860FD2F001E921E /* FootballPlayerStatsIOS16CD */ = {
			isa = PBXGroup;
			children = (
				27AB24F42860FD2F001E921E /* FootballPlayerStatsIOS16CDApp.swift */,
				27AB250D286127BB001E921E /* Screens */,
				27AB250A286102DB001E921E /* Data Model */,
				27AB25022860FD5B001E921E /* Core Data */,
				27584EFD28635B78002085DD /* Extensions */,
				27AB24F82860FD32001E921E /* Assets.xcassets */,
				27AB24FA2860FD32001E921E /* Preview Content */,
			);
			path = FootballPlayerStatsIOS16CD;
			sourceTree = "<group>";
		};
		27AB24FA2860FD32001E921E /* Preview Content */ = {
			isa = PBXGroup;
			children = (
				27AB24FB2860FD32001E921E /* Preview Assets.xcassets */,
			);
			path = "Preview Content";
			sourceTree = "<group>";
		};
		27AB25022860FD5B001E921E /* Core Data */ = {
			isa = PBXGroup;
			children = (
				27AB25032860FD7C001E921E /* FootballStatsModel.xcdatamodeld */,
				27AB25062860FDEF001E921E /* GameEntity+Extensions.swift */,
				27AB250828610090001E921E /* DataController.swift */,
			);
			path = "Core Data";
			sourceTree = "<group>";
		};
		27AB250A286102DB001E921E /* Data Model */ = {
			isa = PBXGroup;
			children = (
				27AB250B286102F7001E921E /* GameDataModel.swift */,
			);
			path = "Data Model";
			sourceTree = "<group>";
		};
		27AB250D286127BB001E921E /* Screens */ = {
			isa = PBXGroup;
			children = (
				27AB251128613DA2001E921E /* HomeScreen.swift */,
				27584EF228622E57002085DD /* Game Form Screen */,
				27AB250E286127C4001E921E /* Game List Screen */,
				27584F0028637391002085DD /* Settings */,
			);
			path = Screens;
			sourceTree = "<group>";
		};
		27AB250E286127C4001E921E /* Game List Screen */ = {
			isa = PBXGroup;
			children = (
				27AB24F62860FD2F001E921E /* GameListView.swift */,
				27AB250F286127E3001E921E /* GameListItemView.swift */,
			);
			path = "Game List Screen";
			sourceTree = "<group>";
		};
/* End PBXGroup section */

/* Begin PBXNativeTarget section */
		27AB24F02860FD2F001E921E /* FootballPlayerStatsIOS16CD */ = {
			isa = PBXNativeTarget;
			buildConfigurationList = 27AB24FF2860FD32001E921E /* Build configuration list for PBXNativeTarget "FootballPlayerStatsIOS16CD" */;
			buildPhases = (
				27AB24ED2860FD2F001E921E /* Sources */,
				27AB24EE2860FD2F001E921E /* Frameworks */,
				27AB24EF2860FD2F001E921E /* Resources */,
			);
			buildRules = (
			);
			dependencies = (
			);
			name = FootballPlayerStatsIOS16CD;
			productName = FootballPlayerStatsIOS16CD;
			productReference = 27AB24F12860FD2F001E921E /* FootballPlayerStatsIOS16CD.app */;
			productType = "com.apple.product-type.application";
		};
/* End PBXNativeTarget section */

/* Begin PBXProject section */
		27AB24E92860FD2F001E921E /* Project object */ = {
			isa = PBXProject;
			attributes = {
				BuildIndependentTargetsInParallel = 1;
				LastSwiftUpdateCheck = 1400;
				LastUpgradeCheck = 1400;
				TargetAttributes = {
					27AB24F02860FD2F001E921E = {
						CreatedOnToolsVersion = 14.0;
					};
				};
			};
			buildConfigurationList = 27AB24EC2860FD2F001E921E /* Build configuration list for PBXProject "FootballPlayerStatsIOS16CD" */;
			compatibilityVersion = "Xcode 14.0";
			developmentRegion = en;
			hasScannedForEncodings = 0;
			knownRegions = (
				en,
				Base,
			);
			mainGroup = 27AB24E82860FD2F001E921E;
			productRefGroup = 27AB24F22860FD2F001E921E /* Products */;
			projectDirPath = "";
			projectRoot = "";
			targets = (
				27AB24F02860FD2F001E921E /* FootballPlayerStatsIOS16CD */,
			);
		};
/* End PBXProject section */

/* Begin PBXResourcesBuildPhase section */
		27AB24EF2860FD2F001E921E /* Resources */ = {
			isa = PBXResourcesBuildPhase;
			buildActionMask = 2147483647;
			files = (
				27AB24FC2860FD32001E921E /* Preview Assets.xcassets in Resources */,
				27AB24F92860FD32001E921E /* Assets.xcassets in Resources */,
			);
			runOnlyForDeploymentPostprocessing = 0;
		};
/* End PBXResourcesBuildPhase section */

/* Begin PBXSourcesBuildPhase section */
		27AB24ED2860FD2F001E921E /* Sources */ = {
			isa = PBXSourcesBuildPhase;
			buildActionMask = 2147483647;
			files = (
				27AB250928610090001E921E /* DataController.swift in Sources */,
				27AB25072860FDEF001E921E /* GameEntity+Extensions.swift in Sources */,
				27584EF428622F84002085DD /* GameFormView.swift in Sources */,
				27AB25052860FD7C001E921E /* FootballStatsModel.xcdatamodeld in Sources */,
				275994D52863E61100A73BD1 /* AboutView.swift in Sources */,
				27584EFA2862886B002085DD /* GameFormViewModel.swift in Sources */,
				275994D72863E7B900A73BD1 /* UIApplication+Extensions.swift in Sources */,
				27AB24F72860FD2F001E921E /* GameListView.swift in Sources */,
				27AB251228613DA2001E921E /* HomeScreen.swift in Sources */,
				27584F02286373D8002085DD /* SettingsView.swift in Sources */,
				27584EFC2862A727002085DD /* FormType.swift in Sources */,
				27AB24F52860FD2F001E921E /* FootballPlayerStatsIOS16CDApp.swift in Sources */,
				27584EF628622FE2002085DD /* CustomStepperView.swift in Sources */,
				27AB2510286127E3001E921E /* GameListItemView.swift in Sources */,
				27AB250C286102F7001E921E /* GameDataModel.swift in Sources */,
				27584EFF28635BA2002085DD /* Color+Extension.swift in Sources */,
			);
			runOnlyForDeploymentPostprocessing = 0;
		};
/* End PBXSourcesBuildPhase section */

/* Begin XCBuildConfiguration section */
		27AB24FD2860FD32001E921E /* Debug */ = {
			isa = XCBuildConfiguration;
			buildSettings = {
				ALWAYS_SEARCH_USER_PATHS = NO;
				CLANG_ANALYZER_NONNULL = YES;
				CLANG_ANALYZER_NUMBER_OBJECT_CONVERSION = YES_AGGRESSIVE;
				CLANG_CXX_LANGUAGE_STANDARD = "gnu++17";
				CLANG_ENABLE_MODULES = YES;
				CLANG_ENABLE_OBJC_ARC = YES;
				CLANG_ENABLE_OBJC_WEAK = YES;
				CLANG_WARN_BLOCK_CAPTURE_AUTORELEASING = YES;
				CLANG_WARN_BOOL_CONVERSION = YES;
				CLANG_WARN_COMMA = YES;
				CLANG_WARN_CONSTANT_CONVERSION = YES;
				CLANG_WARN_DEPRECATED_OBJC_IMPLEMENTATIONS = YES;
				CLANG_WARN_DIRECT_OBJC_ISA_USAGE = YES_ERROR;
				CLANG_WARN_DOCUMENTATION_COMMENTS = YES;
				CLANG_WARN_EMPTY_BODY = YES;
				CLANG_WARN_ENUM_CONVERSION = YES;
				CLANG_WARN_INFINITE_RECURSION = YES;
				CLANG_WARN_INT_CONVERSION = YES;
				CLANG_WARN_NON_LITERAL_NULL_CONVERSION = YES;
				CLANG_WARN_OBJC_IMPLICIT_RETAIN_SELF = YES;
				CLANG_WARN_OBJC_LITERAL_CONVERSION = YES;
				CLANG_WARN_OBJC_ROOT_CLASS = YES_ERROR;
				CLANG_WARN_QUOTED_INCLUDE_IN_FRAMEWORK_HEADER = YES;
				CLANG_WARN_RANGE_LOOP_ANALYSIS = YES;
				CLANG_WARN_STRICT_PROTOTYPES = YES;
				CLANG_WARN_SUSPICIOUS_MOVE = YES;
				CLANG_WARN_UNGUARDED_AVAILABILITY = YES_AGGRESSIVE;
				CLANG_WARN_UNREACHABLE_CODE = YES;
				CLANG_WARN__DUPLICATE_METHOD_MATCH = YES;
				COPY_PHASE_STRIP = NO;
				DEBUG_INFORMATION_FORMAT = dwarf;
				ENABLE_STRICT_OBJC_MSGSEND = YES;
				ENABLE_TESTABILITY = YES;
				GCC_C_LANGUAGE_STANDARD = gnu11;
				GCC_DYNAMIC_NO_PIC = NO;
				GCC_NO_COMMON_BLOCKS = YES;
				GCC_OPTIMIZATION_LEVEL = 0;
				GCC_PREPROCESSOR_DEFINITIONS = (
					"DEBUG=1",
					"$(inherited)",
				);
				GCC_WARN_64_TO_32_BIT_CONVERSION = YES;
				GCC_WARN_ABOUT_RETURN_TYPE = YES_ERROR;
				GCC_WARN_UNDECLARED_SELECTOR = YES;
				GCC_WARN_UNINITIALIZED_AUTOS = YES_AGGRESSIVE;
				GCC_WARN_UNUSED_FUNCTION = YES;
				GCC_WARN_UNUSED_VARIABLE = YES;
				IPHONEOS_DEPLOYMENT_TARGET = 16.0;
				MTL_ENABLE_DEBUG_INFO = INCLUDE_SOURCE;
				MTL_FAST_MATH = YES;
				ONLY_ACTIVE_ARCH = YES;
				SDKROOT = iphoneos;
				SWIFT_ACTIVE_COMPILATION_CONDITIONS = DEBUG;
				SWIFT_OPTIMIZATION_LEVEL = "-Onone";
			};
			name = Debug;
		};
		27AB24FE2860FD32001E921E /* Release */ = {
			isa = XCBuildConfiguration;
			buildSettings = {
				ALWAYS_SEARCH_USER_PATHS = NO;
				CLANG_ANALYZER_NONNULL = YES;
				CLANG_ANALYZER_NUMBER_OBJECT_CONVERSION = YES_AGGRESSIVE;
				CLANG_CXX_LANGUAGE_STANDARD = "gnu++17";
				CLANG_ENABLE_MODULES = YES;
				CLANG_ENABLE_OBJC_ARC = YES;
				CLANG_ENABLE_OBJC_WEAK = YES;
				CLANG_WARN_BLOCK_CAPTURE_AUTORELEASING = YES;
				CLANG_WARN_BOOL_CONVERSION = YES;
				CLANG_WARN_COMMA = YES;
				CLANG_WARN_CONSTANT_CONVERSION = YES;
				CLANG_WARN_DEPRECATED_OBJC_IMPLEMENTATIONS = YES;
				CLANG_WARN_DIRECT_OBJC_ISA_USAGE = YES_ERROR;
				CLANG_WARN_DOCUMENTATION_COMMENTS = YES;
				CLANG_WARN_EMPTY_BODY = YES;
				CLANG_WARN_ENUM_CONVERSION = YES;
				CLANG_WARN_INFINITE_RECURSION = YES;
				CLANG_WARN_INT_CONVERSION = YES;
				CLANG_WARN_NON_LITERAL_NULL_CONVERSION = YES;
				CLANG_WARN_OBJC_IMPLICIT_RETAIN_SELF = YES;
				CLANG_WARN_OBJC_LITERAL_CONVERSION = YES;
				CLANG_WARN_OBJC_ROOT_CLASS = YES_ERROR;
				CLANG_WARN_QUOTED_INCLUDE_IN_FRAMEWORK_HEADER = YES;
				CLANG_WARN_RANGE_LOOP_ANALYSIS = YES;
				CLANG_WARN_STRICT_PROTOTYPES = YES;
				CLANG_WARN_SUSPICIOUS_MOVE = YES;
				CLANG_WARN_UNGUARDED_AVAILABILITY = YES_AGGRESSIVE;
				CLANG_WARN_UNREACHABLE_CODE = YES;
				CLANG_WARN__DUPLICATE_METHOD_MATCH = YES;
				COPY_PHASE_STRIP = NO;
				DEBUG_INFORMATION_FORMAT = "dwarf-with-dsym";
				ENABLE_NS_ASSERTIONS = NO;
				ENABLE_STRICT_OBJC_MSGSEND = YES;
				GCC_C_LANGUAGE_STANDARD = gnu11;
				GCC_NO_COMMON_BLOCKS = YES;
				GCC_WARN_64_TO_32_BIT_CONVERSION = YES;
				GCC_WARN_ABOUT_RETURN_TYPE = YES_ERROR;
				GCC_WARN_UNDECLARED_SELECTOR = YES;
				GCC_WARN_UNINITIALIZED_AUTOS = YES_AGGRESSIVE;
				GCC_WARN_UNUSED_FUNCTION = YES;
				GCC_WARN_UNUSED_VARIABLE = YES;
				IPHONEOS_DEPLOYMENT_TARGET = 16.0;
				MTL_ENABLE_DEBUG_INFO = NO;
				MTL_FAST_MATH = YES;
				SDKROOT = iphoneos;
				SWIFT_COMPILATION_MODE = wholemodule;
				SWIFT_OPTIMIZATION_LEVEL = "-O";
				VALIDATE_PRODUCT = YES;
			};
			name = Release;
		};
		27AB25002860FD32001E921E /* Debug */ = {
			isa = XCBuildConfiguration;
			buildSettings = {
				ASSETCATALOG_COMPILER_APPICON_NAME = AppIcon;
				ASSETCATALOG_COMPILER_GLOBAL_ACCENT_COLOR_NAME = AccentColor;
				CODE_SIGN_STYLE = Automatic;
				CURRENT_PROJECT_VERSION = 1;
				DEVELOPMENT_ASSET_PATHS = "\"FootballPlayerStatsIOS16CD/Preview Content\"";
				DEVELOPMENT_TEAM = WL7FA3UC8X;
				ENABLE_PREVIEWS = YES;
				GENERATE_INFOPLIST_FILE = YES;
				INFOPLIST_KEY_UIApplicationSceneManifest_Generation = YES;
				INFOPLIST_KEY_UIApplicationSupportsIndirectInputEvents = YES;
				INFOPLIST_KEY_UILaunchScreen_Generation = YES;
				INFOPLIST_KEY_UISupportedInterfaceOrientations = UIInterfaceOrientationPortrait;
				INFOPLIST_KEY_UISupportedInterfaceOrientations_iPad = "UIInterfaceOrientationLandscapeLeft UIInterfaceOrientationLandscapeRight UIInterfaceOrientationPortraitUpsideDown";
				LD_RUNPATH_SEARCH_PATHS = (
					"$(inherited)",
					"@executable_path/Frameworks",
				);
				MARKETING_VERSION = "2022-1";
				PRODUCT_BUNDLE_IDENTIFIER = com.pottsma.FootballPlayerStatsIOS16CD;
				PRODUCT_NAME = "$(TARGET_NAME)";
				SUPPORTED_PLATFORMS = "iphoneos iphonesimulator";
				SUPPORTS_MACCATALYST = NO;
				SUPPORTS_MAC_DESIGNED_FOR_IPHONE_IPAD = NO;
				SWIFT_EMIT_LOC_STRINGS = YES;
				SWIFT_VERSION = 5.0;
				TARGETED_DEVICE_FAMILY = "1,2";
			};
			name = Debug;
		};
		27AB25012860FD32001E921E /* Release */ = {
			isa = XCBuildConfiguration;
			buildSettings = {
				ASSETCATALOG_COMPILER_APPICON_NAME = AppIcon;
				ASSETCATALOG_COMPILER_GLOBAL_ACCENT_COLOR_NAME = AccentColor;
				CODE_SIGN_STYLE = Automatic;
				CURRENT_PROJECT_VERSION = 1;
				DEVELOPMENT_ASSET_PATHS = "\"FootballPlayerStatsIOS16CD/Preview Content\"";
				DEVELOPMENT_TEAM = WL7FA3UC8X;
				ENABLE_PREVIEWS = YES;
				GENERATE_INFOPLIST_FILE = YES;
				INFOPLIST_KEY_UIApplicationSceneManifest_Generation = YES;
				INFOPLIST_KEY_UIApplicationSupportsIndirectInputEvents = YES;
				INFOPLIST_KEY_UILaunchScreen_Generation = YES;
				INFOPLIST_KEY_UISupportedInterfaceOrientations = UIInterfaceOrientationPortrait;
				INFOPLIST_KEY_UISupportedInterfaceOrientations_iPad = "UIInterfaceOrientationLandscapeLeft UIInterfaceOrientationLandscapeRight UIInterfaceOrientationPortraitUpsideDown";
				LD_RUNPATH_SEARCH_PATHS = (
					"$(inherited)",
					"@executable_path/Frameworks",
				);
				MARKETING_VERSION = "2022-1";
				PRODUCT_BUNDLE_IDENTIFIER = com.pottsma.FootballPlayerStatsIOS16CD;
				PRODUCT_NAME = "$(TARGET_NAME)";
				SUPPORTED_PLATFORMS = "iphoneos iphonesimulator";
				SUPPORTS_MACCATALYST = NO;
				SUPPORTS_MAC_DESIGNED_FOR_IPHONE_IPAD = NO;
				SWIFT_EMIT_LOC_STRINGS = YES;
				SWIFT_VERSION = 5.0;
				TARGETED_DEVICE_FAMILY = "1,2";
			};
			name = Release;
		};
/* End XCBuildConfiguration section */

/* Begin XCConfigurationList section */
		27AB24EC2860FD2F001E921E /* Build configuration list for PBXProject "FootballPlayerStatsIOS16CD" */ = {
			isa = XCConfigurationList;
			buildConfigurations = (
				27AB24FD2860FD32001E921E /* Debug */,
				27AB24FE2860FD32001E921E /* Release */,
			);
			defaultConfigurationIsVisible = 0;
			defaultConfigurationName = Release;
		};
		27AB24FF2860FD32001E921E /* Build configuration list for PBXNativeTarget "FootballPlayerStatsIOS16CD" */ = {
			isa = XCConfigurationList;
			buildConfigurations = (
				27AB25002860FD32001E921E /* Debug */,
				27AB25012860FD32001E921E /* Release */,
			);
			defaultConfigurationIsVisible = 0;
			defaultConfigurationName = Release;
		};
/* End XCConfigurationList section */

/* Begin XCVersionGroup section */
		27AB25032860FD7C001E921E /* FootballStatsModel.xcdatamodeld */ = {
			isa = XCVersionGroup;
			children = (
				27AB25042860FD7C001E921E /* FootballStatsModel.xcdatamodel */,
			);
			currentVersion = 27AB25042860FD7C001E921E /* FootballStatsModel.xcdatamodel */;
			path = FootballStatsModel.xcdatamodeld;
			sourceTree = "<group>";
			versionGroupType = wrapper.xcdatamodel;
		};
/* End XCVersionGroup section */
	};
	rootObject = 27AB24E92860FD2F001E921E /* Project object */;
}
